
Microsoft Visual Studio Solution File, Format Version 12.00
# Visual Studio 14
VisualStudioVersion = 14.0.24720.0
MinimumVisualStudioVersion = 10.0.40219.1
Project("{2150E333-8FDC-42A3-9474-1A3956D46DE8}") = "src", "src", "{4C0C1FEE-798F-4092-8652-F1FCD748F46E}"
EndProject
Project("{2150E333-8FDC-42A3-9474-1A3956D46DE8}") = "Solution Items", "Solution Items", "{B96B41E5-B6C6-4194-B5C7-F9C95302CB7B}"
	ProjectSection(SolutionItems) = preProject
		global.json = global.json
	EndProjectSection
EndProject
Project("{8BB2217D-0F2D-49D1-97BC-3654ED321F3B}") = "Goofy.Domain.Core", "src\Goofy.Domain.Core\Goofy.Domain.Core.xproj", "{66AD8559-DF54-4D6D-A3E0-7E998820C203}"
EndProject
Project("{8BB2217D-0F2D-49D1-97BC-3654ED321F3B}") = "Goofy.Application.Core", "src\Goofy.Application.Core\Goofy.Application.Core.xproj", "{29CDE689-1F3D-4106-BC92-44FEC3BEBC4F}"
EndProject
Project("{8BB2217D-0F2D-49D1-97BC-3654ED321F3B}") = "Goofy.Infrastructure.Core.Adapter", "src\Goofy.Infrastructure.Core.Adapter\Goofy.Infrastructure.Core.Adapter.xproj", "{63E0121B-72E6-4B8D-8A15-49F02C15922E}"
EndProject
Project("{8BB2217D-0F2D-49D1-97BC-3654ED321F3B}") = "Goofy.Infrastructure.Core.Data", "src\Goofy.Infrastructure.Core.Data\Goofy.Infrastructure.Core.Data.xproj", "{C04D4EF3-C83F-4424-9150-73D9CF9E4CFE}"
EndProject
Project("{2150E333-8FDC-42A3-9474-1A3956D46DE8}") = "Goofy.Core", "Goofy.Core", "{A4D19D04-92ED-4148-9A31-94067A10C697}"
EndProject
Project("{2150E333-8FDC-42A3-9474-1A3956D46DE8}") = "Goofy.PluggableCore", "Goofy.PluggableCore", "{D6AE5B82-A92B-4CEC-80D5-B35A6897AE4D}"
EndProject
Project("{2150E333-8FDC-42A3-9474-1A3956D46DE8}") = "test", "test", "{E5A01D43-321D-47D7-947E-E3AE012E00F4}"
EndProject
Project("{8BB2217D-0F2D-49D1-97BC-3654ED321F3B}") = "Goofy.Web.Core.Test", "test\Goofy.Web.Core.Test\Goofy.Web.Core.Test.xproj", "{650A5A85-5956-491E-9312-5E25A27D1108}"
EndProject
Project("{2150E333-8FDC-42A3-9474-1A3956D46DE8}") = "Goofy.Security", "Goofy.Security", "{AB61EB72-D085-4A14-844A-6AC0575D0B23}"
EndProject
Project("{8BB2217D-0F2D-49D1-97BC-3654ED321F3B}") = "Goofy.Security", "src\Goofy.Security\Goofy.Security.xproj", "{175B9E17-2BCB-4CDB-A30B-FF56FBA004BB}"
EndProject
Project("{8BB2217D-0F2D-49D1-97BC-3654ED321F3B}") = "Goofy.Presentation", "src\Goofy.Presentation\Goofy.Presentation.xproj", "{9B783191-FFD3-4CE0-8EEA-63604BAE89A5}"
EndProject
Project("{8BB2217D-0F2D-49D1-97BC-3654ED321F3B}") = "Goofy.Presentation.PluggableCore", "src\Goofy.Presentation.PluggableCore\Goofy.Presentation.PluggableCore.xproj", "{3D719581-0A2B-4BD1-ACFD-7C41404E2220}"
EndProject
Project("{8BB2217D-0F2D-49D1-97BC-3654ED321F3B}") = "Goofy.Presentation.Core", "src\Goofy.Presentation.Core\Goofy.Presentation.Core.xproj", "{68891ADC-529D-4FE6-9BA5-B08987F9A93D}"
EndProject
Project("{2150E333-8FDC-42A3-9474-1A3956D46DE8}") = "Goofy.Infrastructure.Core", "Goofy.Infrastructure.Core", "{91480BA7-59E6-4D2A-8C6C-7DDF6DF2AFAB}"
EndProject
Project("{8BB2217D-0F2D-49D1-97BC-3654ED321F3B}") = "Goofy.Application.PluggableCore", "src\Goofy.Application.PluggableCore\Goofy.Application.PluggableCore.xproj", "{5EFDC06B-71BE-4200-9D5B-96833AD29532}"
EndProject
Project("{8BB2217D-0F2D-49D1-97BC-3654ED321F3B}") = "Goofy.Application.PluggableCore.DTO", "src\Goofy.Application.PluggableCore.DTO\Goofy.Application.PluggableCore.DTO.xproj", "{F2328BEE-159D-44E7-A113-8846C7292BDD}"
EndProject
Project("{8BB2217D-0F2D-49D1-97BC-3654ED321F3B}") = "Goofy.Infrastructure.PluggableCore.Adapter", "src\Goofy.Infrastructure.PluggableCore.Adapter\Goofy.Infrastructure.PluggableCore.Adapter.xproj", "{18A29A04-2F7A-43F8-81C9-5445F6CFDF49}"
EndProject
Project("{8BB2217D-0F2D-49D1-97BC-3654ED321F3B}") = "Goofy.Infrastructure.PluggableCore.Data", "src\Goofy.Infrastructure.PluggableCore.Data\Goofy.Infrastructure.PluggableCore.Data.xproj", "{CB7F46F5-2569-4CC0-AA7C-45E8CA208C92}"
EndProject
Project("{2150E333-8FDC-42A3-9474-1A3956D46DE8}") = "Goofy.Infrastructure.PluggableCore", "Goofy.Infrastructure.PluggableCore", "{5936C092-DA5B-4431-BD54-96DA4F690B0D}"
EndProject
Project("{2150E333-8FDC-42A3-9474-1A3956D46DE8}") = "Goofy.Application.PluggableCore", "Goofy.Application.PluggableCore", "{7C058438-69B3-4EA7-9F3A-14A88C48DF26}"
EndProject
Project("{8BB2217D-0F2D-49D1-97BC-3654ED321F3B}") = "Goofy.Domain.PluggableCore", "src\Goofy.Domain.PluggableCore\Goofy.Domain.PluggableCore.xproj", "{217D1BB3-D8AC-4CEC-8163-91A3C73A6169}"
EndProject
Project("{2150E333-8FDC-42A3-9474-1A3956D46DE8}") = "Plugins", "Plugins", "{BA7ACCCB-21B3-4FDE-99DF-092399AA0FFF}"
EndProject
Project("{8BB2217D-0F2D-49D1-97BC-3654ED321F3B}") = "Goofy.Domain.Blog", "src\Goofy.Domain.Blog\Goofy.Domain.Blog.xproj", "{AADAB5FF-306B-45CC-96DE-6A353F1EF936}"
EndProject
Project("{8BB2217D-0F2D-49D1-97BC-3654ED321F3B}") = "Goofy.Infrastructure.Blog.Data", "src\Goofy.Infrastructure.Blog.Data\Goofy.Infrastructure.Blog.Data.xproj", "{54F548AB-5EE2-462B-96D2-94381E1AC1E1}"
EndProject
Project("{8BB2217D-0F2D-49D1-97BC-3654ED321F3B}") = "Goofy.Infrastructure.Blog.Adapter", "src\Goofy.Infrastructure.Blog.Adapter\Goofy.Infrastructure.Blog.Adapter.xproj", "{4F7F0A36-EE70-4509-B2B3-FC733FC4E322}"
EndProject
Project("{8BB2217D-0F2D-49D1-97BC-3654ED321F3B}") = "Goofy.Application.Blog.DTO", "src\Goofy.Application.Blog.DTO\Goofy.Application.Blog.DTO.xproj", "{5C415D53-7565-4618-B24C-319AE6F6F5E7}"
EndProject
Project("{8BB2217D-0F2D-49D1-97BC-3654ED321F3B}") = "Goofy.Application.Blog", "src\Goofy.Application.Blog\Goofy.Application.Blog.xproj", "{B1D1F626-1282-416D-A228-3169C906355F}"
EndProject
Project("{8BB2217D-0F2D-49D1-97BC-3654ED321F3B}") = "Goofy.Presentation.Blog", "src\Goofy.Presentation.Blog\Goofy.Presentation.Blog.xproj", "{C976E329-03A6-411B-A237-5F5A4C776CEB}"
EndProject
Project("{8BB2217D-0F2D-49D1-97BC-3654ED321F3B}") = "Goofy.Application.PluggableCore.Abstractions", "src\Goofy.Application.PluggableCore.Abstractions\Goofy.Application.PluggableCore.Abstractions.xproj", "{552C7396-42F4-4202-98D3-55016E0BD6D9}"
EndProject
Project("{8BB2217D-0F2D-49D1-97BC-3654ED321F3B}") = "Microsoft.AspNet.Identity.EntityFramework6", "src\Microsoft.AspNet.Identity.EntityFramework6\Microsoft.AspNet.Identity.EntityFramework6.xproj", "{7713A205-86EC-4282-AE8B-47376E3D23E1}"
EndProject
Global
	GlobalSection(SolutionConfigurationPlatforms) = preSolution
		Debug|Any CPU = Debug|Any CPU
		Release|Any CPU = Release|Any CPU
	EndGlobalSection
	GlobalSection(ProjectConfigurationPlatforms) = postSolution
		{66AD8559-DF54-4D6D-A3E0-7E998820C203}.Debug|Any CPU.ActiveCfg = Debug|Any CPU
		{66AD8559-DF54-4D6D-A3E0-7E998820C203}.Debug|Any CPU.Build.0 = Debug|Any CPU
		{66AD8559-DF54-4D6D-A3E0-7E998820C203}.Release|Any CPU.ActiveCfg = Release|Any CPU
		{66AD8559-DF54-4D6D-A3E0-7E998820C203}.Release|Any CPU.Build.0 = Release|Any CPU
		{29CDE689-1F3D-4106-BC92-44FEC3BEBC4F}.Debug|Any CPU.ActiveCfg = Debug|Any CPU
		{29CDE689-1F3D-4106-BC92-44FEC3BEBC4F}.Debug|Any CPU.Build.0 = Debug|Any CPU
		{29CDE689-1F3D-4106-BC92-44FEC3BEBC4F}.Release|Any CPU.ActiveCfg = Release|Any CPU
		{29CDE689-1F3D-4106-BC92-44FEC3BEBC4F}.Release|Any CPU.Build.0 = Release|Any CPU
		{63E0121B-72E6-4B8D-8A15-49F02C15922E}.Debug|Any CPU.ActiveCfg = Debug|Any CPU
		{63E0121B-72E6-4B8D-8A15-49F02C15922E}.Debug|Any CPU.Build.0 = Debug|Any CPU
		{63E0121B-72E6-4B8D-8A15-49F02C15922E}.Release|Any CPU.ActiveCfg = Release|Any CPU
		{63E0121B-72E6-4B8D-8A15-49F02C15922E}.Release|Any CPU.Build.0 = Release|Any CPU
		{C04D4EF3-C83F-4424-9150-73D9CF9E4CFE}.Debug|Any CPU.ActiveCfg = Debug|Any CPU
		{C04D4EF3-C83F-4424-9150-73D9CF9E4CFE}.Debug|Any CPU.Build.0 = Debug|Any CPU
		{C04D4EF3-C83F-4424-9150-73D9CF9E4CFE}.Release|Any CPU.ActiveCfg = Release|Any CPU
		{C04D4EF3-C83F-4424-9150-73D9CF9E4CFE}.Release|Any CPU.Build.0 = Release|Any CPU
		{650A5A85-5956-491E-9312-5E25A27D1108}.Debug|Any CPU.ActiveCfg = Debug|Any CPU
		{650A5A85-5956-491E-9312-5E25A27D1108}.Debug|Any CPU.Build.0 = Debug|Any CPU
		{650A5A85-5956-491E-9312-5E25A27D1108}.Release|Any CPU.ActiveCfg = Release|Any CPU
		{650A5A85-5956-491E-9312-5E25A27D1108}.Release|Any CPU.Build.0 = Release|Any CPU
		{175B9E17-2BCB-4CDB-A30B-FF56FBA004BB}.Debug|Any CPU.ActiveCfg = Debug|Any CPU
		{175B9E17-2BCB-4CDB-A30B-FF56FBA004BB}.Debug|Any CPU.Build.0 = Debug|Any CPU
		{175B9E17-2BCB-4CDB-A30B-FF56FBA004BB}.Release|Any CPU.ActiveCfg = Release|Any CPU
		{175B9E17-2BCB-4CDB-A30B-FF56FBA004BB}.Release|Any CPU.Build.0 = Release|Any CPU
		{9B783191-FFD3-4CE0-8EEA-63604BAE89A5}.Debug|Any CPU.ActiveCfg = Debug|Any CPU
		{9B783191-FFD3-4CE0-8EEA-63604BAE89A5}.Debug|Any CPU.Build.0 = Debug|Any CPU
		{9B783191-FFD3-4CE0-8EEA-63604BAE89A5}.Release|Any CPU.ActiveCfg = Release|Any CPU
		{9B783191-FFD3-4CE0-8EEA-63604BAE89A5}.Release|Any CPU.Build.0 = Release|Any CPU
		{3D719581-0A2B-4BD1-ACFD-7C41404E2220}.Debug|Any CPU.ActiveCfg = Debug|Any CPU
		{3D719581-0A2B-4BD1-ACFD-7C41404E2220}.Debug|Any CPU.Build.0 = Debug|Any CPU
		{3D719581-0A2B-4BD1-ACFD-7C41404E2220}.Release|Any CPU.ActiveCfg = Release|Any CPU
		{3D719581-0A2B-4BD1-ACFD-7C41404E2220}.Release|Any CPU.Build.0 = Release|Any CPU
		{68891ADC-529D-4FE6-9BA5-B08987F9A93D}.Debug|Any CPU.ActiveCfg = Debug|Any CPU
		{68891ADC-529D-4FE6-9BA5-B08987F9A93D}.Debug|Any CPU.Build.0 = Debug|Any CPU
		{68891ADC-529D-4FE6-9BA5-B08987F9A93D}.Release|Any CPU.ActiveCfg = Release|Any CPU
		{68891ADC-529D-4FE6-9BA5-B08987F9A93D}.Release|Any CPU.Build.0 = Release|Any CPU
		{5EFDC06B-71BE-4200-9D5B-96833AD29532}.Debug|Any CPU.ActiveCfg = Debug|Any CPU
		{5EFDC06B-71BE-4200-9D5B-96833AD29532}.Debug|Any CPU.Build.0 = Debug|Any CPU
		{5EFDC06B-71BE-4200-9D5B-96833AD29532}.Release|Any CPU.ActiveCfg = Release|Any CPU
		{5EFDC06B-71BE-4200-9D5B-96833AD29532}.Release|Any CPU.Build.0 = Release|Any CPU
		{F2328BEE-159D-44E7-A113-8846C7292BDD}.Debug|Any CPU.ActiveCfg = Debug|Any CPU
		{F2328BEE-159D-44E7-A113-8846C7292BDD}.Debug|Any CPU.Build.0 = Debug|Any CPU
		{F2328BEE-159D-44E7-A113-8846C7292BDD}.Release|Any CPU.ActiveCfg = Release|Any CPU
		{F2328BEE-159D-44E7-A113-8846C7292BDD}.Release|Any CPU.Build.0 = Release|Any CPU
		{18A29A04-2F7A-43F8-81C9-5445F6CFDF49}.Debug|Any CPU.ActiveCfg = Debug|Any CPU
		{18A29A04-2F7A-43F8-81C9-5445F6CFDF49}.Debug|Any CPU.Build.0 = Debug|Any CPU
		{18A29A04-2F7A-43F8-81C9-5445F6CFDF49}.Release|Any CPU.ActiveCfg = Release|Any CPU
		{18A29A04-2F7A-43F8-81C9-5445F6CFDF49}.Release|Any CPU.Build.0 = Release|Any CPU
		{CB7F46F5-2569-4CC0-AA7C-45E8CA208C92}.Debug|Any CPU.ActiveCfg = Debug|Any CPU
		{CB7F46F5-2569-4CC0-AA7C-45E8CA208C92}.Debug|Any CPU.Build.0 = Debug|Any CPU
		{CB7F46F5-2569-4CC0-AA7C-45E8CA208C92}.Release|Any CPU.ActiveCfg = Release|Any CPU
		{CB7F46F5-2569-4CC0-AA7C-45E8CA208C92}.Release|Any CPU.Build.0 = Release|Any CPU
		{217D1BB3-D8AC-4CEC-8163-91A3C73A6169}.Debug|Any CPU.ActiveCfg = Debug|Any CPU
		{217D1BB3-D8AC-4CEC-8163-91A3C73A6169}.Debug|Any CPU.Build.0 = Debug|Any CPU
		{217D1BB3-D8AC-4CEC-8163-91A3C73A6169}.Release|Any CPU.ActiveCfg = Release|Any CPU
		{217D1BB3-D8AC-4CEC-8163-91A3C73A6169}.Release|Any CPU.Build.0 = Release|Any CPU
		{AADAB5FF-306B-45CC-96DE-6A353F1EF936}.Debug|Any CPU.ActiveCfg = Debug|Any CPU
		{AADAB5FF-306B-45CC-96DE-6A353F1EF936}.Debug|Any CPU.Build.0 = Debug|Any CPU
		{AADAB5FF-306B-45CC-96DE-6A353F1EF936}.Release|Any CPU.ActiveCfg = Release|Any CPU
		{AADAB5FF-306B-45CC-96DE-6A353F1EF936}.Release|Any CPU.Build.0 = Release|Any CPU
		{54F548AB-5EE2-462B-96D2-94381E1AC1E1}.Debug|Any CPU.ActiveCfg = Debug|Any CPU
		{54F548AB-5EE2-462B-96D2-94381E1AC1E1}.Debug|Any CPU.Build.0 = Debug|Any CPU
		{54F548AB-5EE2-462B-96D2-94381E1AC1E1}.Release|Any CPU.ActiveCfg = Release|Any CPU
		{54F548AB-5EE2-462B-96D2-94381E1AC1E1}.Release|Any CPU.Build.0 = Release|Any CPU
		{4F7F0A36-EE70-4509-B2B3-FC733FC4E322}.Debug|Any CPU.ActiveCfg = Debug|Any CPU
		{4F7F0A36-EE70-4509-B2B3-FC733FC4E322}.Debug|Any CPU.Build.0 = Debug|Any CPU
		{4F7F0A36-EE70-4509-B2B3-FC733FC4E322}.Release|Any CPU.ActiveCfg = Release|Any CPU
		{4F7F0A36-EE70-4509-B2B3-FC733FC4E322}.Release|Any CPU.Build.0 = Release|Any CPU
		{5C415D53-7565-4618-B24C-319AE6F6F5E7}.Debug|Any CPU.ActiveCfg = Debug|Any CPU
		{5C415D53-7565-4618-B24C-319AE6F6F5E7}.Debug|Any CPU.Build.0 = Debug|Any CPU
		{5C415D53-7565-4618-B24C-319AE6F6F5E7}.Release|Any CPU.ActiveCfg = Release|Any CPU
		{5C415D53-7565-4618-B24C-319AE6F6F5E7}.Release|Any CPU.Build.0 = Release|Any CPU
		{B1D1F626-1282-416D-A228-3169C906355F}.Debug|Any CPU.ActiveCfg = Debug|Any CPU
		{B1D1F626-1282-416D-A228-3169C906355F}.Debug|Any CPU.Build.0 = Debug|Any CPU
		{B1D1F626-1282-416D-A228-3169C906355F}.Release|Any CPU.ActiveCfg = Release|Any CPU
		{B1D1F626-1282-416D-A228-3169C906355F}.Release|Any CPU.Build.0 = Release|Any CPU
		{C976E329-03A6-411B-A237-5F5A4C776CEB}.Debug|Any CPU.ActiveCfg = Debug|Any CPU
		{C976E329-03A6-411B-A237-5F5A4C776CEB}.Debug|Any CPU.Build.0 = Debug|Any CPU
		{C976E329-03A6-411B-A237-5F5A4C776CEB}.Release|Any CPU.ActiveCfg = Release|Any CPU
		{C976E329-03A6-411B-A237-5F5A4C776CEB}.Release|Any CPU.Build.0 = Release|Any CPU
		{552C7396-42F4-4202-98D3-55016E0BD6D9}.Debug|Any CPU.ActiveCfg = Debug|Any CPU
		{552C7396-42F4-4202-98D3-55016E0BD6D9}.Debug|Any CPU.Build.0 = Debug|Any CPU
		{552C7396-42F4-4202-98D3-55016E0BD6D9}.Release|Any CPU.ActiveCfg = Release|Any CPU
		{552C7396-42F4-4202-98D3-55016E0BD6D9}.Release|Any CPU.Build.0 = Release|Any CPU
		{7713A205-86EC-4282-AE8B-47376E3D23E1}.Debug|Any CPU.ActiveCfg = Debug|Any CPU
		{7713A205-86EC-4282-AE8B-47376E3D23E1}.Debug|Any CPU.Build.0 = Debug|Any CPU
		{7713A205-86EC-4282-AE8B-47376E3D23E1}.Release|Any CPU.ActiveCfg = Release|Any CPU
		{7713A205-86EC-4282-AE8B-47376E3D23E1}.Release|Any CPU.Build.0 = Release|Any CPU
	EndGlobalSection
	GlobalSection(SolutionProperties) = preSolution
		HideSolutionNode = FALSE
	EndGlobalSection
	GlobalSection(NestedProjects) = preSolution
		{66AD8559-DF54-4D6D-A3E0-7E998820C203} = {A4D19D04-92ED-4148-9A31-94067A10C697}
		{29CDE689-1F3D-4106-BC92-44FEC3BEBC4F} = {A4D19D04-92ED-4148-9A31-94067A10C697}
		{63E0121B-72E6-4B8D-8A15-49F02C15922E} = {91480BA7-59E6-4D2A-8C6C-7DDF6DF2AFAB}
		{C04D4EF3-C83F-4424-9150-73D9CF9E4CFE} = {91480BA7-59E6-4D2A-8C6C-7DDF6DF2AFAB}
		{A4D19D04-92ED-4148-9A31-94067A10C697} = {4C0C1FEE-798F-4092-8652-F1FCD748F46E}
		{D6AE5B82-A92B-4CEC-80D5-B35A6897AE4D} = {4C0C1FEE-798F-4092-8652-F1FCD748F46E}
		{650A5A85-5956-491E-9312-5E25A27D1108} = {E5A01D43-321D-47D7-947E-E3AE012E00F4}
		{AB61EB72-D085-4A14-844A-6AC0575D0B23} = {4C0C1FEE-798F-4092-8652-F1FCD748F46E}
		{175B9E17-2BCB-4CDB-A30B-FF56FBA004BB} = {AB61EB72-D085-4A14-844A-6AC0575D0B23}
		{9B783191-FFD3-4CE0-8EEA-63604BAE89A5} = {4C0C1FEE-798F-4092-8652-F1FCD748F46E}
		{3D719581-0A2B-4BD1-ACFD-7C41404E2220} = {D6AE5B82-A92B-4CEC-80D5-B35A6897AE4D}
		{68891ADC-529D-4FE6-9BA5-B08987F9A93D} = {A4D19D04-92ED-4148-9A31-94067A10C697}
		{91480BA7-59E6-4D2A-8C6C-7DDF6DF2AFAB} = {A4D19D04-92ED-4148-9A31-94067A10C697}
		{5EFDC06B-71BE-4200-9D5B-96833AD29532} = {7C058438-69B3-4EA7-9F3A-14A88C48DF26}
		{F2328BEE-159D-44E7-A113-8846C7292BDD} = {7C058438-69B3-4EA7-9F3A-14A88C48DF26}
		{18A29A04-2F7A-43F8-81C9-5445F6CFDF49} = {5936C092-DA5B-4431-BD54-96DA4F690B0D}
		{CB7F46F5-2569-4CC0-AA7C-45E8CA208C92} = {5936C092-DA5B-4431-BD54-96DA4F690B0D}
		{5936C092-DA5B-4431-BD54-96DA4F690B0D} = {D6AE5B82-A92B-4CEC-80D5-B35A6897AE4D}
		{7C058438-69B3-4EA7-9F3A-14A88C48DF26} = {D6AE5B82-A92B-4CEC-80D5-B35A6897AE4D}
		{217D1BB3-D8AC-4CEC-8163-91A3C73A6169} = {D6AE5B82-A92B-4CEC-80D5-B35A6897AE4D}
		{BA7ACCCB-21B3-4FDE-99DF-092399AA0FFF} = {4C0C1FEE-798F-4092-8652-F1FCD748F46E}
		{AADAB5FF-306B-45CC-96DE-6A353F1EF936} = {BA7ACCCB-21B3-4FDE-99DF-092399AA0FFF}
		{54F548AB-5EE2-462B-96D2-94381E1AC1E1} = {BA7ACCCB-21B3-4FDE-99DF-092399AA0FFF}
		{4F7F0A36-EE70-4509-B2B3-FC733FC4E322} = {BA7ACCCB-21B3-4FDE-99DF-092399AA0FFF}
		{5C415D53-7565-4618-B24C-319AE6F6F5E7} = {BA7ACCCB-21B3-4FDE-99DF-092399AA0FFF}
		{B1D1F626-1282-416D-A228-3169C906355F} = {BA7ACCCB-21B3-4FDE-99DF-092399AA0FFF}
		{C976E329-03A6-411B-A237-5F5A4C776CEB} = {BA7ACCCB-21B3-4FDE-99DF-092399AA0FFF}
		{552C7396-42F4-4202-98D3-55016E0BD6D9} = {7C058438-69B3-4EA7-9F3A-14A88C48DF26}
		{7713A205-86EC-4282-AE8B-47376E3D23E1} = {AB61EB72-D085-4A14-844A-6AC0575D0B23}
	EndGlobalSection
EndGlobal
