
Microsoft Visual Studio Solution File, Format Version 12.00
# Visual Studio 14
VisualStudioVersion = 14.0.24720.0
MinimumVisualStudioVersion = 10.0.40219.1
Project("{2150E333-8FDC-42A3-9474-1A3956D46DE8}") = "src", "src", "{F389CDFC-344D-4409-AD01-1D6B5201D528}"
EndProject
Project("{2150E333-8FDC-42A3-9474-1A3956D46DE8}") = "Solution Items", "Solution Items", "{6306C777-2EFF-4CC0-AE26-FD44DA1C68EB}"
	ProjectSection(SolutionItems) = preProject
		global.json = global.json
	EndProjectSection
EndProject
Project("{8BB2217D-0F2D-49D1-97BC-3654ED321F3B}") = "Goofy.WebApi", "src\Goofy.WebApi\Goofy.WebApi.xproj", "{E7359011-1A86-4048-906D-BF06581D39CA}"
EndProject
Project("{2150E333-8FDC-42A3-9474-1A3956D46DE8}") = "libs", "libs", "{1123D5F9-6694-4CE8-8297-7A97E969CF8D}"
EndProject
Project("{2150E333-8FDC-42A3-9474-1A3956D46DE8}") = "tests", "tests", "{9351A99B-11E0-44CB-BE24-28C6CB6A1820}"
EndProject
Project("{8BB2217D-0F2D-49D1-97BC-3654ED321F3B}") = "Goofy.Core", "libs\Goofy.Core\Goofy.Core.xproj", "{907ED2FB-BA81-4A76-A239-A9EA582830CF}"
EndProject
Project("{8BB2217D-0F2D-49D1-97BC-3654ED321F3B}") = "Goofy.Data", "libs\Goofy.Data\Goofy.Data.xproj", "{DF26D551-B5FF-41C4-B436-7574FC16BD22}"
EndProject
Project("{8BB2217D-0F2D-49D1-97BC-3654ED321F3B}") = "Goofy.WebFramework", "src\Goofy.WebFramework\Goofy.WebFramework.xproj", "{DE48E200-9782-4470-AB21-D07774449AE4}"
EndProject
Project("{2150E333-8FDC-42A3-9474-1A3956D46DE8}") = "components", "components", "{11AC8C64-BC97-448D-88E6-54F2F29ADF7A}"
EndProject
Project("{8BB2217D-0F2D-49D1-97BC-3654ED321F3B}") = "Goofy.Component.ControllersAndRoutes", "components\Goofy.Component.ControllersAndRoutes\Goofy.Component.ControllersAndRoutes.xproj", "{43392740-080D-4E7B-81FB-2F0E5BCFA250}"
EndProject
Project("{8BB2217D-0F2D-49D1-97BC-3654ED321F3B}") = "Goofy.Configuration.Extensions", "libs\Goofy.Configuration.Extensions\Goofy.Configuration.Extensions.xproj", "{039CEC51-0044-4255-A3FC-0D8DF7B9F2BF}"
EndProject
Project("{8BB2217D-0F2D-49D1-97BC-3654ED321F3B}") = "Goofy.Component.AnotherComponent", "components\Goofy.Component.AnotherComponent\Goofy.Component.AnotherComponent.xproj", "{DAFA7C52-705B-4902-A784-EFCA96DE1EF9}"
EndProject
Project("{8BB2217D-0F2D-49D1-97BC-3654ED321F3B}") = "Goofy.Component.ComponentsWebInterface", "components\Goofy.Component.ComponentsWebInterface\Goofy.Component.ComponentsWebInterface.xproj", "{6A94FA5C-A123-4775-917F-EFBB6DA88E01}"
EndProject
Project("{8BB2217D-0F2D-49D1-97BC-3654ED321F3B}") = "Goofy.Component.Auth", "components\Goofy.Component.Auth\Goofy.Component.Auth.xproj", "{2B609A2E-094B-4EAD-9C73-F9B33CF2E501}"
EndProject
Project("{8BB2217D-0F2D-49D1-97BC-3654ED321F3B}") = "Goofy.Component.CorsIntegration", "components\Goofy.Component.CorsIntegration\Goofy.Component.CorsIntegration.xproj", "{44E98D21-CE5F-46C9-9692-3C91091C82F6}"
EndProject
Project("{8BB2217D-0F2D-49D1-97BC-3654ED321F3B}") = "Goofy.WebFramework.Core", "src\Goofy.WebFramework.Core\Goofy.WebFramework.Core.xproj", "{3DA78549-5388-43A7-B98D-D768D24466C7}"
EndProject
Project("{8BB2217D-0F2D-49D1-97BC-3654ED321F3B}") = "Goofy.WebFramework.Data", "src\Goofy.WebFramework.Data\Goofy.WebFramework.Data.xproj", "{5FF1C6AB-93FD-45B1-904F-A9253E43D755}"
EndProject
Project("{8BB2217D-0F2D-49D1-97BC-3654ED321F3B}") = "Goofy.DependencyInjection.Extensions", "libs\Goofy.DependencyInjection.Extensions\Goofy.DependencyInjection.Extensions.xproj", "{5E77634A-D2D6-423A-B703-10645C329BFD}"
EndProject
Project("{8BB2217D-0F2D-49D1-97BC-3654ED321F3B}") = "Goofy.Utils", "libs\Goofy.Utils\Goofy.Utils.xproj", "{F599886B-ED76-499C-8626-6C787E212A8D}"
EndProject
Global
	GlobalSection(SolutionConfigurationPlatforms) = preSolution
		AuthConfig|Any CPU = AuthConfig|Any CPU
		Debug|Any CPU = Debug|Any CPU
		Release|Any CPU = Release|Any CPU
	EndGlobalSection
	GlobalSection(ProjectConfigurationPlatforms) = postSolution
		{E7359011-1A86-4048-906D-BF06581D39CA}.AuthConfig|Any CPU.ActiveCfg = Debug|Any CPU
		{E7359011-1A86-4048-906D-BF06581D39CA}.AuthConfig|Any CPU.Build.0 = Debug|Any CPU
		{E7359011-1A86-4048-906D-BF06581D39CA}.Debug|Any CPU.ActiveCfg = Debug|Any CPU
		{E7359011-1A86-4048-906D-BF06581D39CA}.Debug|Any CPU.Build.0 = Debug|Any CPU
		{E7359011-1A86-4048-906D-BF06581D39CA}.Release|Any CPU.ActiveCfg = Release|Any CPU
		{E7359011-1A86-4048-906D-BF06581D39CA}.Release|Any CPU.Build.0 = Release|Any CPU
		{907ED2FB-BA81-4A76-A239-A9EA582830CF}.AuthConfig|Any CPU.ActiveCfg = Debug|Any CPU
		{907ED2FB-BA81-4A76-A239-A9EA582830CF}.AuthConfig|Any CPU.Build.0 = Debug|Any CPU
		{907ED2FB-BA81-4A76-A239-A9EA582830CF}.Debug|Any CPU.ActiveCfg = Debug|Any CPU
		{907ED2FB-BA81-4A76-A239-A9EA582830CF}.Debug|Any CPU.Build.0 = Debug|Any CPU
		{907ED2FB-BA81-4A76-A239-A9EA582830CF}.Release|Any CPU.ActiveCfg = Release|Any CPU
		{907ED2FB-BA81-4A76-A239-A9EA582830CF}.Release|Any CPU.Build.0 = Release|Any CPU
		{DF26D551-B5FF-41C4-B436-7574FC16BD22}.AuthConfig|Any CPU.ActiveCfg = Debug|Any CPU
		{DF26D551-B5FF-41C4-B436-7574FC16BD22}.AuthConfig|Any CPU.Build.0 = Debug|Any CPU
		{DF26D551-B5FF-41C4-B436-7574FC16BD22}.Debug|Any CPU.ActiveCfg = Debug|Any CPU
		{DF26D551-B5FF-41C4-B436-7574FC16BD22}.Debug|Any CPU.Build.0 = Debug|Any CPU
		{DF26D551-B5FF-41C4-B436-7574FC16BD22}.Release|Any CPU.ActiveCfg = Release|Any CPU
		{DF26D551-B5FF-41C4-B436-7574FC16BD22}.Release|Any CPU.Build.0 = Release|Any CPU
		{DE48E200-9782-4470-AB21-D07774449AE4}.AuthConfig|Any CPU.ActiveCfg = Debug|Any CPU
		{DE48E200-9782-4470-AB21-D07774449AE4}.AuthConfig|Any CPU.Build.0 = Debug|Any CPU
		{DE48E200-9782-4470-AB21-D07774449AE4}.Debug|Any CPU.ActiveCfg = Debug|Any CPU
		{DE48E200-9782-4470-AB21-D07774449AE4}.Debug|Any CPU.Build.0 = Debug|Any CPU
		{DE48E200-9782-4470-AB21-D07774449AE4}.Release|Any CPU.ActiveCfg = Release|Any CPU
		{DE48E200-9782-4470-AB21-D07774449AE4}.Release|Any CPU.Build.0 = Release|Any CPU
		{43392740-080D-4E7B-81FB-2F0E5BCFA250}.AuthConfig|Any CPU.ActiveCfg = Debug|Any CPU
		{43392740-080D-4E7B-81FB-2F0E5BCFA250}.AuthConfig|Any CPU.Build.0 = Debug|Any CPU
		{43392740-080D-4E7B-81FB-2F0E5BCFA250}.Debug|Any CPU.ActiveCfg = Debug|Any CPU
		{43392740-080D-4E7B-81FB-2F0E5BCFA250}.Debug|Any CPU.Build.0 = Debug|Any CPU
		{43392740-080D-4E7B-81FB-2F0E5BCFA250}.Release|Any CPU.ActiveCfg = Release|Any CPU
		{43392740-080D-4E7B-81FB-2F0E5BCFA250}.Release|Any CPU.Build.0 = Release|Any CPU
		{039CEC51-0044-4255-A3FC-0D8DF7B9F2BF}.AuthConfig|Any CPU.ActiveCfg = Debug|Any CPU
		{039CEC51-0044-4255-A3FC-0D8DF7B9F2BF}.AuthConfig|Any CPU.Build.0 = Debug|Any CPU
		{039CEC51-0044-4255-A3FC-0D8DF7B9F2BF}.Debug|Any CPU.ActiveCfg = Debug|Any CPU
		{039CEC51-0044-4255-A3FC-0D8DF7B9F2BF}.Debug|Any CPU.Build.0 = Debug|Any CPU
		{039CEC51-0044-4255-A3FC-0D8DF7B9F2BF}.Release|Any CPU.ActiveCfg = Release|Any CPU
		{039CEC51-0044-4255-A3FC-0D8DF7B9F2BF}.Release|Any CPU.Build.0 = Release|Any CPU
		{DAFA7C52-705B-4902-A784-EFCA96DE1EF9}.AuthConfig|Any CPU.ActiveCfg = Debug|Any CPU
		{DAFA7C52-705B-4902-A784-EFCA96DE1EF9}.AuthConfig|Any CPU.Build.0 = Debug|Any CPU
		{DAFA7C52-705B-4902-A784-EFCA96DE1EF9}.Debug|Any CPU.ActiveCfg = Debug|Any CPU
		{DAFA7C52-705B-4902-A784-EFCA96DE1EF9}.Debug|Any CPU.Build.0 = Debug|Any CPU
		{DAFA7C52-705B-4902-A784-EFCA96DE1EF9}.Release|Any CPU.ActiveCfg = Release|Any CPU
		{DAFA7C52-705B-4902-A784-EFCA96DE1EF9}.Release|Any CPU.Build.0 = Release|Any CPU
		{6A94FA5C-A123-4775-917F-EFBB6DA88E01}.AuthConfig|Any CPU.ActiveCfg = Debug|Any CPU
		{6A94FA5C-A123-4775-917F-EFBB6DA88E01}.AuthConfig|Any CPU.Build.0 = Debug|Any CPU
		{6A94FA5C-A123-4775-917F-EFBB6DA88E01}.Debug|Any CPU.ActiveCfg = Debug|Any CPU
		{6A94FA5C-A123-4775-917F-EFBB6DA88E01}.Debug|Any CPU.Build.0 = Debug|Any CPU
		{6A94FA5C-A123-4775-917F-EFBB6DA88E01}.Release|Any CPU.ActiveCfg = Release|Any CPU
		{6A94FA5C-A123-4775-917F-EFBB6DA88E01}.Release|Any CPU.Build.0 = Release|Any CPU
		{2B609A2E-094B-4EAD-9C73-F9B33CF2E501}.AuthConfig|Any CPU.ActiveCfg = Debug|Any CPU
		{2B609A2E-094B-4EAD-9C73-F9B33CF2E501}.AuthConfig|Any CPU.Build.0 = Debug|Any CPU
		{2B609A2E-094B-4EAD-9C73-F9B33CF2E501}.Debug|Any CPU.ActiveCfg = Debug|Any CPU
		{2B609A2E-094B-4EAD-9C73-F9B33CF2E501}.Debug|Any CPU.Build.0 = Debug|Any CPU
		{2B609A2E-094B-4EAD-9C73-F9B33CF2E501}.Release|Any CPU.ActiveCfg = Release|Any CPU
		{2B609A2E-094B-4EAD-9C73-F9B33CF2E501}.Release|Any CPU.Build.0 = Release|Any CPU
		{44E98D21-CE5F-46C9-9692-3C91091C82F6}.AuthConfig|Any CPU.ActiveCfg = Debug|Any CPU
		{44E98D21-CE5F-46C9-9692-3C91091C82F6}.AuthConfig|Any CPU.Build.0 = Debug|Any CPU
		{44E98D21-CE5F-46C9-9692-3C91091C82F6}.Debug|Any CPU.ActiveCfg = Debug|Any CPU
		{44E98D21-CE5F-46C9-9692-3C91091C82F6}.Debug|Any CPU.Build.0 = Debug|Any CPU
		{44E98D21-CE5F-46C9-9692-3C91091C82F6}.Release|Any CPU.ActiveCfg = Release|Any CPU
		{44E98D21-CE5F-46C9-9692-3C91091C82F6}.Release|Any CPU.Build.0 = Release|Any CPU
		{3DA78549-5388-43A7-B98D-D768D24466C7}.AuthConfig|Any CPU.ActiveCfg = Debug|Any CPU
		{3DA78549-5388-43A7-B98D-D768D24466C7}.AuthConfig|Any CPU.Build.0 = Debug|Any CPU
		{3DA78549-5388-43A7-B98D-D768D24466C7}.Debug|Any CPU.ActiveCfg = Debug|Any CPU
		{3DA78549-5388-43A7-B98D-D768D24466C7}.Debug|Any CPU.Build.0 = Debug|Any CPU
		{3DA78549-5388-43A7-B98D-D768D24466C7}.Release|Any CPU.ActiveCfg = Release|Any CPU
		{3DA78549-5388-43A7-B98D-D768D24466C7}.Release|Any CPU.Build.0 = Release|Any CPU
		{5FF1C6AB-93FD-45B1-904F-A9253E43D755}.AuthConfig|Any CPU.ActiveCfg = Debug|Any CPU
		{5FF1C6AB-93FD-45B1-904F-A9253E43D755}.AuthConfig|Any CPU.Build.0 = Debug|Any CPU
		{5FF1C6AB-93FD-45B1-904F-A9253E43D755}.Debug|Any CPU.ActiveCfg = Debug|Any CPU
		{5FF1C6AB-93FD-45B1-904F-A9253E43D755}.Debug|Any CPU.Build.0 = Debug|Any CPU
		{5FF1C6AB-93FD-45B1-904F-A9253E43D755}.Release|Any CPU.ActiveCfg = Release|Any CPU
		{5FF1C6AB-93FD-45B1-904F-A9253E43D755}.Release|Any CPU.Build.0 = Release|Any CPU
		{5E77634A-D2D6-423A-B703-10645C329BFD}.AuthConfig|Any CPU.ActiveCfg = Debug|Any CPU
		{5E77634A-D2D6-423A-B703-10645C329BFD}.AuthConfig|Any CPU.Build.0 = Debug|Any CPU
		{5E77634A-D2D6-423A-B703-10645C329BFD}.Debug|Any CPU.ActiveCfg = Debug|Any CPU
		{5E77634A-D2D6-423A-B703-10645C329BFD}.Debug|Any CPU.Build.0 = Debug|Any CPU
		{5E77634A-D2D6-423A-B703-10645C329BFD}.Release|Any CPU.ActiveCfg = Release|Any CPU
		{5E77634A-D2D6-423A-B703-10645C329BFD}.Release|Any CPU.Build.0 = Release|Any CPU
		{F599886B-ED76-499C-8626-6C787E212A8D}.AuthConfig|Any CPU.ActiveCfg = Debug|Any CPU
		{F599886B-ED76-499C-8626-6C787E212A8D}.AuthConfig|Any CPU.Build.0 = Debug|Any CPU
		{F599886B-ED76-499C-8626-6C787E212A8D}.Debug|Any CPU.ActiveCfg = Debug|Any CPU
		{F599886B-ED76-499C-8626-6C787E212A8D}.Debug|Any CPU.Build.0 = Debug|Any CPU
		{F599886B-ED76-499C-8626-6C787E212A8D}.Release|Any CPU.ActiveCfg = Release|Any CPU
		{F599886B-ED76-499C-8626-6C787E212A8D}.Release|Any CPU.Build.0 = Release|Any CPU
	EndGlobalSection
	GlobalSection(SolutionProperties) = preSolution
		HideSolutionNode = FALSE
	EndGlobalSection
	GlobalSection(NestedProjects) = preSolution
		{E7359011-1A86-4048-906D-BF06581D39CA} = {F389CDFC-344D-4409-AD01-1D6B5201D528}
		{907ED2FB-BA81-4A76-A239-A9EA582830CF} = {1123D5F9-6694-4CE8-8297-7A97E969CF8D}
		{DF26D551-B5FF-41C4-B436-7574FC16BD22} = {1123D5F9-6694-4CE8-8297-7A97E969CF8D}
		{DE48E200-9782-4470-AB21-D07774449AE4} = {F389CDFC-344D-4409-AD01-1D6B5201D528}
		{43392740-080D-4E7B-81FB-2F0E5BCFA250} = {11AC8C64-BC97-448D-88E6-54F2F29ADF7A}
		{039CEC51-0044-4255-A3FC-0D8DF7B9F2BF} = {1123D5F9-6694-4CE8-8297-7A97E969CF8D}
		{DAFA7C52-705B-4902-A784-EFCA96DE1EF9} = {11AC8C64-BC97-448D-88E6-54F2F29ADF7A}
		{6A94FA5C-A123-4775-917F-EFBB6DA88E01} = {11AC8C64-BC97-448D-88E6-54F2F29ADF7A}
		{2B609A2E-094B-4EAD-9C73-F9B33CF2E501} = {11AC8C64-BC97-448D-88E6-54F2F29ADF7A}
		{44E98D21-CE5F-46C9-9692-3C91091C82F6} = {11AC8C64-BC97-448D-88E6-54F2F29ADF7A}
		{3DA78549-5388-43A7-B98D-D768D24466C7} = {F389CDFC-344D-4409-AD01-1D6B5201D528}
		{5FF1C6AB-93FD-45B1-904F-A9253E43D755} = {F389CDFC-344D-4409-AD01-1D6B5201D528}
		{5E77634A-D2D6-423A-B703-10645C329BFD} = {1123D5F9-6694-4CE8-8297-7A97E969CF8D}
		{F599886B-ED76-499C-8626-6C787E212A8D} = {1123D5F9-6694-4CE8-8297-7A97E969CF8D}
	EndGlobalSection
EndGlobal
