
Microsoft Visual Studio Solution File, Format Version 12.00
# Visual Studio 14
VisualStudioVersion = 14.0.24720.0
MinimumVisualStudioVersion = 10.0.40219.1
Project("{2150E333-8FDC-42A3-9474-1A3956D46DE8}") = "src", "src", "{4C0C1FEE-798F-4092-8652-F1FCD748F46E}"
EndProject
Project("{2150E333-8FDC-42A3-9474-1A3956D46DE8}") = "Solution Items", "Solution Items", "{B96B41E5-B6C6-4194-B5C7-F9C95302CB7B}"
	ProjectSection(SolutionItems) = preProject
		global.json = global.json
	EndProjectSection
EndProject
Project("{8BB2217D-0F2D-49D1-97BC-3654ED321F3B}") = "Goofy.Domain.Core", "src\Goofy.Domain.Core\Goofy.Domain.Core.xproj", "{66AD8559-DF54-4D6D-A3E0-7E998820C203}"
EndProject
Project("{8BB2217D-0F2D-49D1-97BC-3654ED321F3B}") = "Goofy.Application.Core", "src\Goofy.Application.Core\Goofy.Application.Core.xproj", "{29CDE689-1F3D-4106-BC92-44FEC3BEBC4F}"
EndProject
Project("{8BB2217D-0F2D-49D1-97BC-3654ED321F3B}") = "Goofy.Infrastructure.Core.Adapter", "src\Goofy.Infrastructure.Core.Adapter\Goofy.Infrastructure.Core.Adapter.xproj", "{63E0121B-72E6-4B8D-8A15-49F02C15922E}"
EndProject
Project("{8BB2217D-0F2D-49D1-97BC-3654ED321F3B}") = "Goofy.Infrastructure.Core.Data", "src\Goofy.Infrastructure.Core.Data\Goofy.Infrastructure.Core.Data.xproj", "{C04D4EF3-C83F-4424-9150-73D9CF9E4CFE}"
EndProject
Project("{8BB2217D-0F2D-49D1-97BC-3654ED321F3B}") = "Goofy.Web.Core", "src\Goofy.Web.Core\Goofy.Web.Core.xproj", "{BA092621-BE29-48E3-A030-ADBF18841E9E}"
EndProject
Project("{2150E333-8FDC-42A3-9474-1A3956D46DE8}") = "core", "core", "{A4D19D04-92ED-4148-9A31-94067A10C697}"
EndProject
Project("{8BB2217D-0F2D-49D1-97BC-3654ED321F3B}") = "Goofy.Web", "src\Goofy.Web\Goofy.Web.xproj", "{5DA1EDD6-4C15-4C5A-B6D2-B9F68F7508EA}"
EndProject
Project("{8BB2217D-0F2D-49D1-97BC-3654ED321F3B}") = "Goofy.Infrastructure.Core.Data.Sql", "src\Goofy.Infrastructure.Core.Data.Sql\Goofy.Infrastructure.Core.Data.Sql.xproj", "{44816531-A01E-4DE5-BE44-07B6824A0B7C}"
EndProject
Project("{8BB2217D-0F2D-49D1-97BC-3654ED321F3B}") = "Goofy.Domain.Core.Abstractions", "src\Goofy.Domain.Core.Abstractions\Goofy.Domain.Core.Abstractions.xproj", "{BE97EBBB-6DDC-4895-B17C-A6624EBD4143}"
EndProject
Project("{2150E333-8FDC-42A3-9474-1A3956D46DE8}") = "plugable_core", "plugable_core", "{D6AE5B82-A92B-4CEC-80D5-B35A6897AE4D}"
EndProject
Project("{8BB2217D-0F2D-49D1-97BC-3654ED321F3B}") = "Goofy.Domain.Plugins", "src\Goofy.Domain.Plugins\Goofy.Domain.Plugins.xproj", "{3E59C95D-954E-463A-8F03-2B257A6AC667}"
EndProject
Project("{8BB2217D-0F2D-49D1-97BC-3654ED321F3B}") = "Goofy.Application.Plugins", "src\Goofy.Application.Plugins\Goofy.Application.Plugins.xproj", "{7C344BBC-B2A0-4D00-836A-3B48E58B2964}"
EndProject
Project("{8BB2217D-0F2D-49D1-97BC-3654ED321F3B}") = "Goofy.Application.Plugins.DTO", "src\Goofy.Application.Plugins.DTO\Goofy.Application.Plugins.DTO.xproj", "{3130F858-00A7-4750-958D-E522E2778558}"
EndProject
Project("{8BB2217D-0F2D-49D1-97BC-3654ED321F3B}") = "Goofy.Infrastructure.Plugins.Adapter", "src\Goofy.Infrastructure.Plugins.Adapter\Goofy.Infrastructure.Plugins.Adapter.xproj", "{F33951F7-26A7-4273-9D1D-B0725B5BE48A}"
EndProject
Project("{8BB2217D-0F2D-49D1-97BC-3654ED321F3B}") = "Goofy.Infrastructure.Plugins.Data", "src\Goofy.Infrastructure.Plugins.Data\Goofy.Infrastructure.Plugins.Data.xproj", "{0A29A1B0-A710-4B2F-8236-700D10741A55}"
EndProject
Project("{8BB2217D-0F2D-49D1-97BC-3654ED321F3B}") = "Goofy.Web.Plugins", "src\Goofy.Web.Plugins\Goofy.Web.Plugins.xproj", "{F953931A-404E-4008-A989-910591E2D191}"
EndProject
Project("{2150E333-8FDC-42A3-9474-1A3956D46DE8}") = "test", "test", "{E5A01D43-321D-47D7-947E-E3AE012E00F4}"
EndProject
Project("{8BB2217D-0F2D-49D1-97BC-3654ED321F3B}") = "Goofy.Web.Core.Test", "test\Goofy.Web.Core.Test\Goofy.Web.Core.Test.xproj", "{650A5A85-5956-491E-9312-5E25A27D1108}"
EndProject
Project("{2150E333-8FDC-42A3-9474-1A3956D46DE8}") = "security", "security", "{AB61EB72-D085-4A14-844A-6AC0575D0B23}"
EndProject
Project("{8BB2217D-0F2D-49D1-97BC-3654ED321F3B}") = "Goofy.Security", "src\Goofy.Security\Goofy.Security.xproj", "{175B9E17-2BCB-4CDB-A30B-FF56FBA004BB}"
EndProject
Global
	GlobalSection(SolutionConfigurationPlatforms) = preSolution
		Debug|Any CPU = Debug|Any CPU
		Release|Any CPU = Release|Any CPU
	EndGlobalSection
	GlobalSection(ProjectConfigurationPlatforms) = postSolution
		{66AD8559-DF54-4D6D-A3E0-7E998820C203}.Debug|Any CPU.ActiveCfg = Debug|Any CPU
		{66AD8559-DF54-4D6D-A3E0-7E998820C203}.Debug|Any CPU.Build.0 = Debug|Any CPU
		{66AD8559-DF54-4D6D-A3E0-7E998820C203}.Release|Any CPU.ActiveCfg = Release|Any CPU
		{66AD8559-DF54-4D6D-A3E0-7E998820C203}.Release|Any CPU.Build.0 = Release|Any CPU
		{29CDE689-1F3D-4106-BC92-44FEC3BEBC4F}.Debug|Any CPU.ActiveCfg = Debug|Any CPU
		{29CDE689-1F3D-4106-BC92-44FEC3BEBC4F}.Debug|Any CPU.Build.0 = Debug|Any CPU
		{29CDE689-1F3D-4106-BC92-44FEC3BEBC4F}.Release|Any CPU.ActiveCfg = Release|Any CPU
		{29CDE689-1F3D-4106-BC92-44FEC3BEBC4F}.Release|Any CPU.Build.0 = Release|Any CPU
		{63E0121B-72E6-4B8D-8A15-49F02C15922E}.Debug|Any CPU.ActiveCfg = Debug|Any CPU
		{63E0121B-72E6-4B8D-8A15-49F02C15922E}.Debug|Any CPU.Build.0 = Debug|Any CPU
		{63E0121B-72E6-4B8D-8A15-49F02C15922E}.Release|Any CPU.ActiveCfg = Release|Any CPU
		{63E0121B-72E6-4B8D-8A15-49F02C15922E}.Release|Any CPU.Build.0 = Release|Any CPU
		{C04D4EF3-C83F-4424-9150-73D9CF9E4CFE}.Debug|Any CPU.ActiveCfg = Debug|Any CPU
		{C04D4EF3-C83F-4424-9150-73D9CF9E4CFE}.Debug|Any CPU.Build.0 = Debug|Any CPU
		{C04D4EF3-C83F-4424-9150-73D9CF9E4CFE}.Release|Any CPU.ActiveCfg = Release|Any CPU
		{C04D4EF3-C83F-4424-9150-73D9CF9E4CFE}.Release|Any CPU.Build.0 = Release|Any CPU
		{BA092621-BE29-48E3-A030-ADBF18841E9E}.Debug|Any CPU.ActiveCfg = Debug|Any CPU
		{BA092621-BE29-48E3-A030-ADBF18841E9E}.Debug|Any CPU.Build.0 = Debug|Any CPU
		{BA092621-BE29-48E3-A030-ADBF18841E9E}.Release|Any CPU.ActiveCfg = Release|Any CPU
		{BA092621-BE29-48E3-A030-ADBF18841E9E}.Release|Any CPU.Build.0 = Release|Any CPU
		{5DA1EDD6-4C15-4C5A-B6D2-B9F68F7508EA}.Debug|Any CPU.ActiveCfg = Debug|Any CPU
		{5DA1EDD6-4C15-4C5A-B6D2-B9F68F7508EA}.Debug|Any CPU.Build.0 = Debug|Any CPU
		{5DA1EDD6-4C15-4C5A-B6D2-B9F68F7508EA}.Release|Any CPU.ActiveCfg = Release|Any CPU
		{5DA1EDD6-4C15-4C5A-B6D2-B9F68F7508EA}.Release|Any CPU.Build.0 = Release|Any CPU
		{44816531-A01E-4DE5-BE44-07B6824A0B7C}.Debug|Any CPU.ActiveCfg = Debug|Any CPU
		{44816531-A01E-4DE5-BE44-07B6824A0B7C}.Debug|Any CPU.Build.0 = Debug|Any CPU
		{44816531-A01E-4DE5-BE44-07B6824A0B7C}.Release|Any CPU.ActiveCfg = Release|Any CPU
		{44816531-A01E-4DE5-BE44-07B6824A0B7C}.Release|Any CPU.Build.0 = Release|Any CPU
		{BE97EBBB-6DDC-4895-B17C-A6624EBD4143}.Debug|Any CPU.ActiveCfg = Debug|Any CPU
		{BE97EBBB-6DDC-4895-B17C-A6624EBD4143}.Debug|Any CPU.Build.0 = Debug|Any CPU
		{BE97EBBB-6DDC-4895-B17C-A6624EBD4143}.Release|Any CPU.ActiveCfg = Release|Any CPU
		{BE97EBBB-6DDC-4895-B17C-A6624EBD4143}.Release|Any CPU.Build.0 = Release|Any CPU
		{3E59C95D-954E-463A-8F03-2B257A6AC667}.Debug|Any CPU.ActiveCfg = Debug|Any CPU
		{3E59C95D-954E-463A-8F03-2B257A6AC667}.Debug|Any CPU.Build.0 = Debug|Any CPU
		{3E59C95D-954E-463A-8F03-2B257A6AC667}.Release|Any CPU.ActiveCfg = Release|Any CPU
		{3E59C95D-954E-463A-8F03-2B257A6AC667}.Release|Any CPU.Build.0 = Release|Any CPU
		{7C344BBC-B2A0-4D00-836A-3B48E58B2964}.Debug|Any CPU.ActiveCfg = Debug|Any CPU
		{7C344BBC-B2A0-4D00-836A-3B48E58B2964}.Debug|Any CPU.Build.0 = Debug|Any CPU
		{7C344BBC-B2A0-4D00-836A-3B48E58B2964}.Release|Any CPU.ActiveCfg = Release|Any CPU
		{7C344BBC-B2A0-4D00-836A-3B48E58B2964}.Release|Any CPU.Build.0 = Release|Any CPU
		{3130F858-00A7-4750-958D-E522E2778558}.Debug|Any CPU.ActiveCfg = Debug|Any CPU
		{3130F858-00A7-4750-958D-E522E2778558}.Debug|Any CPU.Build.0 = Debug|Any CPU
		{3130F858-00A7-4750-958D-E522E2778558}.Release|Any CPU.ActiveCfg = Release|Any CPU
		{3130F858-00A7-4750-958D-E522E2778558}.Release|Any CPU.Build.0 = Release|Any CPU
		{F33951F7-26A7-4273-9D1D-B0725B5BE48A}.Debug|Any CPU.ActiveCfg = Debug|Any CPU
		{F33951F7-26A7-4273-9D1D-B0725B5BE48A}.Debug|Any CPU.Build.0 = Debug|Any CPU
		{F33951F7-26A7-4273-9D1D-B0725B5BE48A}.Release|Any CPU.ActiveCfg = Release|Any CPU
		{F33951F7-26A7-4273-9D1D-B0725B5BE48A}.Release|Any CPU.Build.0 = Release|Any CPU
		{0A29A1B0-A710-4B2F-8236-700D10741A55}.Debug|Any CPU.ActiveCfg = Debug|Any CPU
		{0A29A1B0-A710-4B2F-8236-700D10741A55}.Debug|Any CPU.Build.0 = Debug|Any CPU
		{0A29A1B0-A710-4B2F-8236-700D10741A55}.Release|Any CPU.ActiveCfg = Release|Any CPU
		{0A29A1B0-A710-4B2F-8236-700D10741A55}.Release|Any CPU.Build.0 = Release|Any CPU
		{F953931A-404E-4008-A989-910591E2D191}.Debug|Any CPU.ActiveCfg = Debug|Any CPU
		{F953931A-404E-4008-A989-910591E2D191}.Debug|Any CPU.Build.0 = Debug|Any CPU
		{F953931A-404E-4008-A989-910591E2D191}.Release|Any CPU.ActiveCfg = Release|Any CPU
		{F953931A-404E-4008-A989-910591E2D191}.Release|Any CPU.Build.0 = Release|Any CPU
		{650A5A85-5956-491E-9312-5E25A27D1108}.Debug|Any CPU.ActiveCfg = Debug|Any CPU
		{650A5A85-5956-491E-9312-5E25A27D1108}.Debug|Any CPU.Build.0 = Debug|Any CPU
		{650A5A85-5956-491E-9312-5E25A27D1108}.Release|Any CPU.ActiveCfg = Release|Any CPU
		{650A5A85-5956-491E-9312-5E25A27D1108}.Release|Any CPU.Build.0 = Release|Any CPU
		{175B9E17-2BCB-4CDB-A30B-FF56FBA004BB}.Debug|Any CPU.ActiveCfg = Debug|Any CPU
		{175B9E17-2BCB-4CDB-A30B-FF56FBA004BB}.Debug|Any CPU.Build.0 = Debug|Any CPU
		{175B9E17-2BCB-4CDB-A30B-FF56FBA004BB}.Release|Any CPU.ActiveCfg = Release|Any CPU
		{175B9E17-2BCB-4CDB-A30B-FF56FBA004BB}.Release|Any CPU.Build.0 = Release|Any CPU
	EndGlobalSection
	GlobalSection(SolutionProperties) = preSolution
		HideSolutionNode = FALSE
	EndGlobalSection
	GlobalSection(NestedProjects) = preSolution
		{66AD8559-DF54-4D6D-A3E0-7E998820C203} = {A4D19D04-92ED-4148-9A31-94067A10C697}
		{29CDE689-1F3D-4106-BC92-44FEC3BEBC4F} = {A4D19D04-92ED-4148-9A31-94067A10C697}
		{63E0121B-72E6-4B8D-8A15-49F02C15922E} = {A4D19D04-92ED-4148-9A31-94067A10C697}
		{C04D4EF3-C83F-4424-9150-73D9CF9E4CFE} = {A4D19D04-92ED-4148-9A31-94067A10C697}
		{BA092621-BE29-48E3-A030-ADBF18841E9E} = {A4D19D04-92ED-4148-9A31-94067A10C697}
		{A4D19D04-92ED-4148-9A31-94067A10C697} = {4C0C1FEE-798F-4092-8652-F1FCD748F46E}
		{5DA1EDD6-4C15-4C5A-B6D2-B9F68F7508EA} = {4C0C1FEE-798F-4092-8652-F1FCD748F46E}
		{44816531-A01E-4DE5-BE44-07B6824A0B7C} = {A4D19D04-92ED-4148-9A31-94067A10C697}
		{BE97EBBB-6DDC-4895-B17C-A6624EBD4143} = {A4D19D04-92ED-4148-9A31-94067A10C697}
		{D6AE5B82-A92B-4CEC-80D5-B35A6897AE4D} = {4C0C1FEE-798F-4092-8652-F1FCD748F46E}
		{3E59C95D-954E-463A-8F03-2B257A6AC667} = {D6AE5B82-A92B-4CEC-80D5-B35A6897AE4D}
		{7C344BBC-B2A0-4D00-836A-3B48E58B2964} = {D6AE5B82-A92B-4CEC-80D5-B35A6897AE4D}
		{3130F858-00A7-4750-958D-E522E2778558} = {D6AE5B82-A92B-4CEC-80D5-B35A6897AE4D}
		{F33951F7-26A7-4273-9D1D-B0725B5BE48A} = {D6AE5B82-A92B-4CEC-80D5-B35A6897AE4D}
		{0A29A1B0-A710-4B2F-8236-700D10741A55} = {D6AE5B82-A92B-4CEC-80D5-B35A6897AE4D}
		{F953931A-404E-4008-A989-910591E2D191} = {D6AE5B82-A92B-4CEC-80D5-B35A6897AE4D}
		{650A5A85-5956-491E-9312-5E25A27D1108} = {E5A01D43-321D-47D7-947E-E3AE012E00F4}
		{AB61EB72-D085-4A14-844A-6AC0575D0B23} = {4C0C1FEE-798F-4092-8652-F1FCD748F46E}
		{175B9E17-2BCB-4CDB-A30B-FF56FBA004BB} = {AB61EB72-D085-4A14-844A-6AC0575D0B23}
	EndGlobalSection
EndGlobal
